
Microsoft Visual Studio Solution File, Format Version 12.00
# Visual Studio Version 16
VisualStudioVersion = 16.0.29806.167
MinimumVisualStudioVersion = 10.0.40219.1
Project("{9A19103F-16F7-4668-BE54-9A1E7A4F7556}") = "AspRestApiWithJWT", "AspRestApiWithJWT\AspRestApiWithJWT.csproj", "{B38589E3-FD47-469E-A540-88CA9EA1ED35}"
EndProject
Project("{9A19103F-16F7-4668-BE54-9A1E7A4F7556}") = "Domain", "DAL\Domain.csproj", "{F4148669-462C-4ECF-872A-AB620239A00B}"
EndProject
Project("{9A19103F-16F7-4668-BE54-9A1E7A4F7556}") = "Infrastructure", "Infrastructure\Infrastructure.csproj", "{D971F873-E7D9-4BD2-9A8F-0D7AEE8F36BA}"
EndProject
Project("{FAE04EC0-301F-11D3-BF4B-00C04F79EFBC}") = "Application", "Application\Application.csproj", "{7946FF14-F62D-47E8-924C-CE218FA50084}"
EndProject
Global
	GlobalSection(SolutionConfigurationPlatforms) = preSolution
		Debug|Any CPU = Debug|Any CPU
		Release|Any CPU = Release|Any CPU
	EndGlobalSection
	GlobalSection(ProjectConfigurationPlatforms) = postSolution
		{B38589E3-FD47-469E-A540-88CA9EA1ED35}.Debug|Any CPU.ActiveCfg = Debug|Any CPU
		{B38589E3-FD47-469E-A540-88CA9EA1ED35}.Debug|Any CPU.Build.0 = Debug|Any CPU
		{B38589E3-FD47-469E-A540-88CA9EA1ED35}.Release|Any CPU.ActiveCfg = Release|Any CPU
		{B38589E3-FD47-469E-A540-88CA9EA1ED35}.Release|Any CPU.Build.0 = Release|Any CPU
		{F4148669-462C-4ECF-872A-AB620239A00B}.Debug|Any CPU.ActiveCfg = Debug|Any CPU
		{F4148669-462C-4ECF-872A-AB620239A00B}.Debug|Any CPU.Build.0 = Debug|Any CPU
		{F4148669-462C-4ECF-872A-AB620239A00B}.Release|Any CPU.ActiveCfg = Release|Any CPU
		{F4148669-462C-4ECF-872A-AB620239A00B}.Release|Any CPU.Build.0 = Release|Any CPU
		{D971F873-E7D9-4BD2-9A8F-0D7AEE8F36BA}.Debug|Any CPU.ActiveCfg = Debug|Any CPU
		{D971F873-E7D9-4BD2-9A8F-0D7AEE8F36BA}.Debug|Any CPU.Build.0 = Debug|Any CPU
		{D971F873-E7D9-4BD2-9A8F-0D7AEE8F36BA}.Release|Any CPU.ActiveCfg = Release|Any CPU
		{D971F873-E7D9-4BD2-9A8F-0D7AEE8F36BA}.Release|Any CPU.Build.0 = Release|Any CPU
		{7946FF14-F62D-47E8-924C-CE218FA50084}.Debug|Any CPU.ActiveCfg = Debug|Any CPU
		{7946FF14-F62D-47E8-924C-CE218FA50084}.Debug|Any CPU.Build.0 = Debug|Any CPU
		{7946FF14-F62D-47E8-924C-CE218FA50084}.Release|Any CPU.ActiveCfg = Release|Any CPU
		{7946FF14-F62D-47E8-924C-CE218FA50084}.Release|Any CPU.Build.0 = Release|Any CPU
	EndGlobalSection
	GlobalSection(SolutionProperties) = preSolution
		HideSolutionNode = FALSE
	EndGlobalSection
	GlobalSection(ExtensibilityGlobals) = postSolution
		SolutionGuid = {75C28282-F43F-459C-8667-F7D772C80B1B}
	EndGlobalSection
EndGlobal
